{
  "name": "raspump-app",
  "version": "1.0.0",
  "lockfileVersion": 1,
  "requires": true,
  "dependencies": {
    "@types/jquery": {
      "version": "3.2.9",
      "resolved": "https://registry.npmjs.org/@types/jquery/-/jquery-3.2.9.tgz",
      "integrity": "sha512-AmYGadmTv+Xh6re2CH5ruyvV3znvtJbhxyT00JQAGFP2U+xgqhf+C2xfjdP/GgK5d9YmSif/UYs2ssMl4gW6fw==",
      "dev": true
    },
    "@types/socket.io-client": {
      "version": "1.4.29",
      "resolved": "https://registry.npmjs.org/@types/socket.io-client/-/socket.io-client-1.4.29.tgz",
      "integrity": "sha1-+HQwcM7pMXXjbgtqd6ivc+WMyzI=",
      "dev": true
    }
  }
}
